
Microsoft Visual Studio Solution File, Format Version 12.00
# Visual Studio Version 17
VisualStudioVersion = 17.9.34714.143
MinimumVisualStudioVersion = 10.0.40219.1
Project("{FAE04EC0-301F-11D3-BF4B-00C04F79EFBC}") = "ATBM-A-14", "ATBM-A-14.csproj", "{680EE6D0-CC09-49FD-A2CB-D0B72D95D068}"
EndProject
Global
	GlobalSection(SolutionConfigurationPlatforms) = preSolution
		Debug|Any CPU = Debug|Any CPU
		Release|Any CPU = Release|Any CPU
	EndGlobalSection
	GlobalSection(ProjectConfigurationPlatforms) = postSolution
		{680EE6D0-CC09-49FD-A2CB-D0B72D95D068}.Debug|Any CPU.ActiveCfg = Debug|Any CPU
		{680EE6D0-CC09-49FD-A2CB-D0B72D95D068}.Debug|Any CPU.Build.0 = Debug|Any CPU
		{680EE6D0-CC09-49FD-A2CB-D0B72D95D068}.Release|Any CPU.ActiveCfg = Release|Any CPU
		{680EE6D0-CC09-49FD-A2CB-D0B72D95D068}.Release|Any CPU.Build.0 = Release|Any CPU
	EndGlobalSection
	GlobalSection(SolutionProperties) = preSolution
		HideSolutionNode = FALSE
	EndGlobalSection
	GlobalSection(ExtensibilityGlobals) = postSolution
		SolutionGuid = {D97B4B08-85AC-4E6D-9597-C08E0BA235DB}
	EndGlobalSection
EndGlobal
